// !$*UTF8*$!
{
	archiveVersion = 1;
	classes = {
	};
	objectVersion = 56;
	objects = {

/* Begin PBXBuildFile section */
		72F1017E29A5050E0049F61E /* AppDelegate.swift in Sources */ = {isa = PBXBuildFile; fileRef = 72F1017D29A5050E0049F61E /* AppDelegate.swift */; };
		72F1018029A5050E0049F61E /* SceneDelegate.swift in Sources */ = {isa = PBXBuildFile; fileRef = 72F1017F29A5050E0049F61E /* SceneDelegate.swift */; };
		72F1018229A5050E0049F61E /* ViewController.swift in Sources */ = {isa = PBXBuildFile; fileRef = 72F1018129A5050E0049F61E /* ViewController.swift */; };
		72F1018529A5050E0049F61E /* Main.storyboard in Resources */ = {isa = PBXBuildFile; fileRef = 72F1018329A5050E0049F61E /* Main.storyboard */; };
		72F1018729A5050F0049F61E /* Assets.xcassets in Resources */ = {isa = PBXBuildFile; fileRef = 72F1018629A5050F0049F61E /* Assets.xcassets */; };
		72F1018A29A5050F0049F61E /* LaunchScreen.storyboard in Resources */ = {isa = PBXBuildFile; fileRef = 72F1018829A5050F0049F61E /* LaunchScreen.storyboard */; };
		72F1019529A5050F0049F61E /* COLORMix4Tests.swift in Sources */ = {isa = PBXBuildFile; fileRef = 72F1019429A5050F0049F61E /* COLORMix4Tests.swift */; };
		72F1019F29A5050F0049F61E /* COLORMix4UITests.swift in Sources */ = {isa = PBXBuildFile; fileRef = 72F1019E29A5050F0049F61E /* COLORMix4UITests.swift */; };
		72F101A129A5050F0049F61E /* COLORMix4UITestsLaunchTests.swift in Sources */ = {isa = PBXBuildFile; fileRef = 72F101A029A5050F0049F61E /* COLORMix4UITestsLaunchTests.swift */; };
/* End PBXBuildFile section */

/* Begin PBXContainerItemProxy section */
		72F1019129A5050F0049F61E /* PBXContainerItemProxy */ = {
			isa = PBXContainerItemProxy;
			containerPortal = 72F1017229A5050E0049F61E /* Project object */;
			proxyType = 1;
			remoteGlobalIDString = 72F1017929A5050E0049F61E;
			remoteInfo = COLORMix4;
		};
		72F1019B29A5050F0049F61E /* PBXContainerItemProxy */ = {
			isa = PBXContainerItemProxy;
			containerPortal = 72F1017229A5050E0049F61E /* Project object */;
			proxyType = 1;
			remoteGlobalIDString = 72F1017929A5050E0049F61E;
			remoteInfo = COLORMix4;
		};
/* End PBXContainerItemProxy section */

/* Begin PBXFileReference section */
		72F1017A29A5050E0049F61E /* COLORMix4.app */ = {isa = PBXFileReference; explicitFileType = wrapper.application; includeInIndex = 0; path = COLORMix4.app; sourceTree = BUILT_PRODUCTS_DIR; };
		72F1017D29A5050E0049F61E /* AppDelegate.swift */ = {isa = PBXFileReference; lastKnownFileType = sourcecode.swift; path = AppDelegate.swift; sourceTree = "<group>"; };
		72F1017F29A5050E0049F61E /* SceneDelegate.swift */ = {isa = PBXFileReference; lastKnownFileType = sourcecode.swift; path = SceneDelegate.swift; sourceTree = "<group>"; };
		72F1018129A5050E0049F61E /* ViewController.swift */ = {isa = PBXFileReference; lastKnownFileType = sourcecode.swift; path = ViewController.swift; sourceTree = "<group>"; };
		72F1018429A5050E0049F61E /* Base */ = {isa = PBXFileReference; lastKnownFileType = file.storyboard; name = Base; path = Base.lproj/Main.storyboard; sourceTree = "<group>"; };
		72F1018629A5050F0049F61E /* Assets.xcassets */ = {isa = PBXFileReference; lastKnownFileType = folder.assetcatalog; path = Assets.xcassets; sourceTree = "<group>"; };
		72F1018929A5050F0049F61E /* Base */ = {isa = PBXFileReference; lastKnownFileType = file.storyboard; name = Base; path = Base.lproj/LaunchScreen.storyboard; sourceTree = "<group>"; };
		72F1018B29A5050F0049F61E /* Info.plist */ = {isa = PBXFileReference; lastKnownFileType = text.plist.xml; path = Info.plist; sourceTree = "<group>"; };
		72F1019029A5050F0049F61E /* COLORMix4Tests.xctest */ = {isa = PBXFileReference; explicitFileType = wrapper.cfbundle; includeInIndex = 0; path = COLORMix4Tests.xctest; sourceTree = BUILT_PRODUCTS_DIR; };
		72F1019429A5050F0049F61E /* COLORMix4Tests.swift */ = {isa = PBXFileReference; lastKnownFileType = sourcecode.swift; path = COLORMix4Tests.swift; sourceTree = "<group>"; };
		72F1019A29A5050F0049F61E /* COLORMix4UITests.xctest */ = {isa = PBXFileReference; explicitFileType = wrapper.cfbundle; includeInIndex = 0; path = COLORMix4UITests.xctest; sourceTree = BUILT_PRODUCTS_DIR; };
		72F1019E29A5050F0049F61E /* COLORMix4UITests.swift */ = {isa = PBXFileReference; lastKnownFileType = sourcecode.swift; path = COLORMix4UITests.swift; sourceTree = "<group>"; };
		72F101A029A5050F0049F61E /* COLORMix4UITestsLaunchTests.swift */ = {isa = PBXFileReference; lastKnownFileType = sourcecode.swift; path = COLORMix4UITestsLaunchTests.swift; sourceTree = "<group>"; };
/* End PBXFileReference section */

/* Begin PBXFrameworksBuildPhase section */
		72F1017729A5050E0049F61E /* Frameworks */ = {
			isa = PBXFrameworksBuildPhase;
			buildActionMask = 2147483647;
			files = (
			);
			runOnlyForDeploymentPostprocessing = 0;
		};
		72F1018D29A5050F0049F61E /* Frameworks */ = {
			isa = PBXFrameworksBuildPhase;
			buildActionMask = 2147483647;
			files = (
			);
			runOnlyForDeploymentPostprocessing = 0;
		};
		72F1019729A5050F0049F61E /* Frameworks */ = {
			isa = PBXFrameworksBuildPhase;
			buildActionMask = 2147483647;
			files = (
			);
			runOnlyForDeploymentPostprocessing = 0;
		};
/* End PBXFrameworksBuildPhase section */

/* Begin PBXGroup section */
		72F1017129A5050E0049F61E = {
			isa = PBXGroup;
			children = (
				72F1017C29A5050E0049F61E /* COLORMix4 */,
				72F1019329A5050F0049F61E /* COLORMix4Tests */,
				72F1019D29A5050F0049F61E /* COLORMix4UITests */,
				72F1017B29A5050E0049F61E /* Products */,
			);
			sourceTree = "<group>";
		};
		72F1017B29A5050E0049F61E /* Products */ = {
			isa = PBXGroup;
			children = (
				72F1017A29A5050E0049F61E /* COLORMix4.app */,
				72F1019029A5050F0049F61E /* COLORMix4Tests.xctest */,
				72F1019A29A5050F0049F61E /* COLORMix4UITests.xctest */,
			);
			name = Products;
			sourceTree = "<group>";
		};
		72F1017C29A5050E0049F61E /* COLORMix4 */ = {
			isa = PBXGroup;
			children = (
				72F1017D29A5050E0049F61E /* AppDelegate.swift */,
				72F1017F29A5050E0049F61E /* SceneDelegate.swift */,
				72F1018129A5050E0049F61E /* ViewController.swift */,
				72F1018329A5050E0049F61E /* Main.storyboard */,
				72F1018629A5050F0049F61E /* Assets.xcassets */,
				72F1018829A5050F0049F61E /* LaunchScreen.storyboard */,
				72F1018B29A5050F0049F61E /* Info.plist */,
			);
			path = COLORMix4;
			sourceTree = "<group>";
		};
		72F1019329A5050F0049F61E /* COLORMix4Tests */ = {
			isa = PBXGroup;
			children = (
				72F1019429A5050F0049F61E /* COLORMix4Tests.swift */,
			);
			path = COLORMix4Tests;
			sourceTree = "<group>";
		};
		72F1019D29A5050F0049F61E /* COLORMix4UITests */ = {
			isa = PBXGroup;
			children = (
				72F1019E29A5050F0049F61E /* COLORMix4UITests.swift */,
				72F101A029A5050F0049F61E /* COLORMix4UITestsLaunchTests.swift */,
			);
			path = COLORMix4UITests;
			sourceTree = "<group>";
		};
/* End PBXGroup section */

/* Begin PBXNativeTarget section */
		72F1017929A5050E0049F61E /* COLORMix4 */ = {
			isa = PBXNativeTarget;
			buildConfigurationList = 72F101A429A5050F0049F61E /* Build configuration list for PBXNativeTarget "COLORMix4" */;
			buildPhases = (
				72F1017629A5050E0049F61E /* Sources */,
				72F1017729A5050E0049F61E /* Frameworks */,
				72F1017829A5050E0049F61E /* Resources */,
			);
			buildRules = (
			);
			dependencies = (
			);
			name = COLORMix4;
			productName = COLORMix4;
			productReference = 72F1017A29A5050E0049F61E /* COLORMix4.app */;
			productType = "com.apple.product-type.application";
		};
		72F1018F29A5050F0049F61E /* COLORMix4Tests */ = {
			isa = PBXNativeTarget;
			buildConfigurationList = 72F101A729A5050F0049F61E /* Build configuration list for PBXNativeTarget "COLORMix4Tests" */;
			buildPhases = (
				72F1018C29A5050F0049F61E /* Sources */,
				72F1018D29A5050F0049F61E /* Frameworks */,
				72F1018E29A5050F0049F61E /* Resources */,
			);
			buildRules = (
			);
			dependencies = (
				72F1019229A5050F0049F61E /* PBXTargetDependency */,
			);
			name = COLORMix4Tests;
			productName = COLORMix4Tests;
			productReference = 72F1019029A5050F0049F61E /* COLORMix4Tests.xctest */;
			productType = "com.apple.product-type.bundle.unit-test";
		};
		72F1019929A5050F0049F61E /* COLORMix4UITests */ = {
			isa = PBXNativeTarget;
			buildConfigurationList = 72F101AA29A5050F0049F61E /* Build configuration list for PBXNativeTarget "COLORMix4UITests" */;
			buildPhases = (
				72F1019629A5050F0049F61E /* Sources */,
				72F1019729A5050F0049F61E /* Frameworks */,
				72F1019829A5050F0049F61E /* Resources */,
			);
			buildRules = (
			);
			dependencies = (
				72F1019C29A5050F0049F61E /* PBXTargetDependency */,
			);
			name = COLORMix4UITests;
			productName = COLORMix4UITests;
			productReference = 72F1019A29A5050F0049F61E /* COLORMix4UITests.xctest */;
			productType = "com.apple.product-type.bundle.ui-testing";
		};
/* End PBXNativeTarget section */

/* Begin PBXProject section */
		72F1017229A5050E0049F61E /* Project object */ = {
			isa = PBXProject;
			attributes = {
				BuildIndependentTargetsInParallel = 1;
				LastSwiftUpdateCheck = 1420;
				LastUpgradeCheck = 1420;
				TargetAttributes = {
					72F1017929A5050E0049F61E = {
						CreatedOnToolsVersion = 14.2;
					};
					72F1018F29A5050F0049F61E = {
						CreatedOnToolsVersion = 14.2;
						TestTargetID = 72F1017929A5050E0049F61E;
					};
					72F1019929A5050F0049F61E = {
						CreatedOnToolsVersion = 14.2;
						TestTargetID = 72F1017929A5050E0049F61E;
					};
				};
			};
			buildConfigurationList = 72F1017529A5050E0049F61E /* Build configuration list for PBXProject "COLORMix4" */;
			compatibilityVersion = "Xcode 14.0";
			developmentRegion = en;
			hasScannedForEncodings = 0;
			knownRegions = (
				en,
				Base,
			);
			mainGroup = 72F1017129A5050E0049F61E;
			productRefGroup = 72F1017B29A5050E0049F61E /* Products */;
			projectDirPath = "";
			projectRoot = "";
			targets = (
				72F1017929A5050E0049F61E /* COLORMix4 */,
				72F1018F29A5050F0049F61E /* COLORMix4Tests */,
				72F1019929A5050F0049F61E /* COLORMix4UITests */,
			);
		};
/* End PBXProject section */

/* Begin PBXResourcesBuildPhase section */
		72F1017829A5050E0049F61E /* Resources */ = {
			isa = PBXResourcesBuildPhase;
			buildActionMask = 2147483647;
			files = (
				72F1018A29A5050F0049F61E /* LaunchScreen.storyboard in Resources */,
				72F1018729A5050F0049F61E /* Assets.xcassets in Resources */,
				72F1018529A5050E0049F61E /* Main.storyboard in Resources */,
			);
			runOnlyForDeploymentPostprocessing = 0;
		};
		72F1018E29A5050F0049F61E /* Resources */ = {
			isa = PBXResourcesBuildPhase;
			buildActionMask = 2147483647;
			files = (
			);
			runOnlyForDeploymentPostprocessing = 0;
		};
		72F1019829A5050F0049F61E /* Resources */ = {
			isa = PBXResourcesBuildPhase;
			buildActionMask = 2147483647;
			files = (
			);
			runOnlyForDeploymentPostprocessing = 0;
		};
/* End PBXResourcesBuildPhase section */

/* Begin PBXSourcesBuildPhase section */
		72F1017629A5050E0049F61E /* Sources */ = {
			isa = PBXSourcesBuildPhase;
			buildActionMask = 2147483647;
			files = (
				72F1018229A5050E0049F61E /* ViewController.swift in Sources */,
				72F1017E29A5050E0049F61E /* AppDelegate.swift in Sources */,
				72F1018029A5050E0049F61E /* SceneDelegate.swift in Sources */,
			);
			runOnlyForDeploymentPostprocessing = 0;
		};
		72F1018C29A5050F0049F61E /* Sources */ = {
			isa = PBXSourcesBuildPhase;
			buildActionMask = 2147483647;
			files = (
				72F1019529A5050F0049F61E /* COLORMix4Tests.swift in Sources */,
			);
			runOnlyForDeploymentPostprocessing = 0;
		};
		72F1019629A5050F0049F61E /* Sources */ = {
			isa = PBXSourcesBuildPhase;
			buildActionMask = 2147483647;
			files = (
				72F101A129A5050F0049F61E /* COLORMix4UITestsLaunchTests.swift in Sources */,
				72F1019F29A5050F0049F61E /* COLORMix4UITests.swift in Sources */,
			);
			runOnlyForDeploymentPostprocessing = 0;
		};
/* End PBXSourcesBuildPhase section */

/* Begin PBXTargetDependency section */
		72F1019229A5050F0049F61E /* PBXTargetDependency */ = {
			isa = PBXTargetDependency;
			target = 72F1017929A5050E0049F61E /* COLORMix4 */;
			targetProxy = 72F1019129A5050F0049F61E /* PBXContainerItemProxy */;
		};
		72F1019C29A5050F0049F61E /* PBXTargetDependency */ = {
			isa = PBXTargetDependency;
			target = 72F1017929A5050E0049F61E /* COLORMix4 */;
			targetProxy = 72F1019B29A5050F0049F61E /* PBXContainerItemProxy */;
		};
/* End PBXTargetDependency section */

/* Begin PBXVariantGroup section */
		72F1018329A5050E0049F61E /* Main.storyboard */ = {
			isa = PBXVariantGroup;
			children = (
				72F1018429A5050E0049F61E /* Base */,
			);
			name = Main.storyboard;
			sourceTree = "<group>";
		};
		72F1018829A5050F0049F61E /* LaunchScreen.storyboard */ = {
			isa = PBXVariantGroup;
			children = (
				72F1018929A5050F0049F61E /* Base */,
			);
			name = LaunchScreen.storyboard;
			sourceTree = "<group>";
		};
/* End PBXVariantGroup section */

/* Begin XCBuildConfiguration section */
		72F101A229A5050F0049F61E /* Debug */ = {
			isa = XCBuildConfiguration;
			buildSettings = {
				ALWAYS_SEARCH_USER_PATHS = NO;
				CLANG_ANALYZER_NONNULL = YES;
				CLANG_ANALYZER_NUMBER_OBJECT_CONVERSION = YES_AGGRESSIVE;
				CLANG_CXX_LANGUAGE_STANDARD = "gnu++20";
				CLANG_ENABLE_MODULES = YES;
				CLANG_ENABLE_OBJC_ARC = YES;
				CLANG_ENABLE_OBJC_WEAK = YES;
				CLANG_WARN_BLOCK_CAPTURE_AUTORELEASING = YES;
				CLANG_WARN_BOOL_CONVERSION = YES;
				CLANG_WARN_COMMA = YES;
				CLANG_WARN_CONSTANT_CONVERSION = YES;
				CLANG_WARN_DEPRECATED_OBJC_IMPLEMENTATIONS = YES;
				CLANG_WARN_DIRECT_OBJC_ISA_USAGE = YES_ERROR;
				CLANG_WARN_DOCUMENTATION_COMMENTS = YES;
				CLANG_WARN_EMPTY_BODY = YES;
				CLANG_WARN_ENUM_CONVERSION = YES;
				CLANG_WARN_INFINITE_RECURSION = YES;
				CLANG_WARN_INT_CONVERSION = YES;
				CLANG_WARN_NON_LITERAL_NULL_CONVERSION = YES;
				CLANG_WARN_OBJC_IMPLICIT_RETAIN_SELF = YES;
				CLANG_WARN_OBJC_LITERAL_CONVERSION = YES;
				CLANG_WARN_OBJC_ROOT_CLASS = YES_ERROR;
				CLANG_WARN_QUOTED_INCLUDE_IN_FRAMEWORK_HEADER = YES;
				CLANG_WARN_RANGE_LOOP_ANALYSIS = YES;
				CLANG_WARN_STRICT_PROTOTYPES = YES;
				CLANG_WARN_SUSPICIOUS_MOVE = YES;
				CLANG_WARN_UNGUARDED_AVAILABILITY = YES_AGGRESSIVE;
				CLANG_WARN_UNREACHABLE_CODE = YES;
				CLANG_WARN__DUPLICATE_METHOD_MATCH = YES;
				COPY_PHASE_STRIP = NO;
				DEBUG_INFORMATION_FORMAT = dwarf;
				ENABLE_STRICT_OBJC_MSGSEND = YES;
				ENABLE_TESTABILITY = YES;
				GCC_C_LANGUAGE_STANDARD = gnu11;
				GCC_DYNAMIC_NO_PIC = NO;
				GCC_NO_COMMON_BLOCKS = YES;
				GCC_OPTIMIZATION_LEVEL = 0;
				GCC_PREPROCESSOR_DEFINITIONS = (
					"DEBUG=1",
					"$(inherited)",
				);
				GCC_WARN_64_TO_32_BIT_CONVERSION = YES;
				GCC_WARN_ABOUT_RETURN_TYPE = YES_ERROR;
				GCC_WARN_UNDECLARED_SELECTOR = YES;
				GCC_WARN_UNINITIALIZED_AUTOS = YES_AGGRESSIVE;
				GCC_WARN_UNUSED_FUNCTION = YES;
				GCC_WARN_UNUSED_VARIABLE = YES;
				IPHONEOS_DEPLOYMENT_TARGET = 16.2;
				MTL_ENABLE_DEBUG_INFO = INCLUDE_SOURCE;
				MTL_FAST_MATH = YES;
				ONLY_ACTIVE_ARCH = YES;
				SDKROOT = iphoneos;
				SWIFT_ACTIVE_COMPILATION_CONDITIONS = DEBUG;
				SWIFT_OPTIMIZATION_LEVEL = "-Onone";
			};
			name = Debug;
		};
		72F101A329A5050F0049F61E /* Release */ = {
			isa = XCBuildConfiguration;
			buildSettings = {
				ALWAYS_SEARCH_USER_PATHS = NO;
				CLANG_ANALYZER_NONNULL = YES;
				CLANG_ANALYZER_NUMBER_OBJECT_CONVERSION = YES_AGGRESSIVE;
				CLANG_CXX_LANGUAGE_STANDARD = "gnu++20";
				CLANG_ENABLE_MODULES = YES;
				CLANG_ENABLE_OBJC_ARC = YES;
				CLANG_ENABLE_OBJC_WEAK = YES;
				CLANG_WARN_BLOCK_CAPTURE_AUTORELEASING = YES;
				CLANG_WARN_BOOL_CONVERSION = YES;
				CLANG_WARN_COMMA = YES;
				CLANG_WARN_CONSTANT_CONVERSION = YES;
				CLANG_WARN_DEPRECATED_OBJC_IMPLEMENTATIONS = YES;
				CLANG_WARN_DIRECT_OBJC_ISA_USAGE = YES_ERROR;
				CLANG_WARN_DOCUMENTATION_COMMENTS = YES;
				CLANG_WARN_EMPTY_BODY = YES;
				CLANG_WARN_ENUM_CONVERSION = YES;
				CLANG_WARN_INFINITE_RECURSION = YES;
				CLANG_WARN_INT_CONVERSION = YES;
				CLANG_WARN_NON_LITERAL_NULL_CONVERSION = YES;
				CLANG_WARN_OBJC_IMPLICIT_RETAIN_SELF = YES;
				CLANG_WARN_OBJC_LITERAL_CONVERSION = YES;
				CLANG_WARN_OBJC_ROOT_CLASS = YES_ERROR;
				CLANG_WARN_QUOTED_INCLUDE_IN_FRAMEWORK_HEADER = YES;
				CLANG_WARN_RANGE_LOOP_ANALYSIS = YES;
				CLANG_WARN_STRICT_PROTOTYPES = YES;
				CLANG_WARN_SUSPICIOUS_MOVE = YES;
				CLANG_WARN_UNGUARDED_AVAILABILITY = YES_AGGRESSIVE;
				CLANG_WARN_UNREACHABLE_CODE = YES;
				CLANG_WARN__DUPLICATE_METHOD_MATCH = YES;
				COPY_PHASE_STRIP = NO;
				DEBUG_INFORMATION_FORMAT = "dwarf-with-dsym";
				ENABLE_NS_ASSERTIONS = NO;
				ENABLE_STRICT_OBJC_MSGSEND = YES;
				GCC_C_LANGUAGE_STANDARD = gnu11;
				GCC_NO_COMMON_BLOCKS = YES;
				GCC_WARN_64_TO_32_BIT_CONVERSION = YES;
				GCC_WARN_ABOUT_RETURN_TYPE = YES_ERROR;
				GCC_WARN_UNDECLARED_SELECTOR = YES;
				GCC_WARN_UNINITIALIZED_AUTOS = YES_AGGRESSIVE;
				GCC_WARN_UNUSED_FUNCTION = YES;
				GCC_WARN_UNUSED_VARIABLE = YES;
				IPHONEOS_DEPLOYMENT_TARGET = 16.2;
				MTL_ENABLE_DEBUG_INFO = NO;
				MTL_FAST_MATH = YES;
				SDKROOT = iphoneos;
				SWIFT_COMPILATION_MODE = wholemodule;
				SWIFT_OPTIMIZATION_LEVEL = "-O";
				VALIDATE_PRODUCT = YES;
			};
			name = Release;
		};
		72F101A529A5050F0049F61E /* Debug */ = {
			isa = XCBuildConfiguration;
			buildSettings = {
				ASSETCATALOG_COMPILER_APPICON_NAME = AppIcon;
				ASSETCATALOG_COMPILER_GLOBAL_ACCENT_COLOR_NAME = AccentColor;
				CODE_SIGN_STYLE = Automatic;
				CURRENT_PROJECT_VERSION = 1;
				DEVELOPMENT_TEAM = R83F6KG238;
				GENERATE_INFOPLIST_FILE = YES;
				INFOPLIST_FILE = COLORMix4/Info.plist;
				INFOPLIST_KEY_UIApplicationSupportsIndirectInputEvents = YES;
				INFOPLIST_KEY_UILaunchStoryboardName = LaunchScreen;
				INFOPLIST_KEY_UIMainStoryboardFile = Main;
				INFOPLIST_KEY_UISupportedInterfaceOrientations_iPad = "UIInterfaceOrientationPortrait UIInterfaceOrientationPortraitUpsideDown UIInterfaceOrientationLandscapeLeft UIInterfaceOrientationLandscapeRight";
				INFOPLIST_KEY_UISupportedInterfaceOrientations_iPhone = "UIInterfaceOrientationPortrait UIInterfaceOrientationLandscapeLeft UIInterfaceOrientationLandscapeRight";
				LD_RUNPATH_SEARCH_PATHS = (
					"$(inherited)",
					"@executable_path/Frameworks",
				);
				MARKETING_VERSION = 1.0;
				PRODUCT_BUNDLE_IDENTIFIER = com.example.COLORMix4;
				PRODUCT_NAME = "$(TARGET_NAME)";
				SWIFT_EMIT_LOC_STRINGS = YES;
				SWIFT_VERSION = 5.0;
				TARGETED_DEVICE_FAMILY = "1,2";
			};
			name = Debug;
		};
		72F101A629A5050F0049F61E /* Release */ = {
			isa = XCBuildConfiguration;
			buildSettings = {
				ASSETCATALOG_COMPILER_APPICON_NAME = AppIcon;
				ASSETCATALOG_COMPILER_GLOBAL_ACCENT_COLOR_NAME = AccentColor;
				CODE_SIGN_STYLE = Automatic;
				CURRENT_PROJECT_VERSION = 1;
				DEVELOPMENT_TEAM = R83F6KG238;
				GENERATE_INFOPLIST_FILE = YES;
				INFOPLIST_FILE = COLORMix4/Info.plist;
				INFOPLIST_KEY_UIApplicationSupportsIndirectInputEvents = YES;
				INFOPLIST_KEY_UILaunchStoryboardName = LaunchScreen;
				INFOPLIST_KEY_UIMainStoryboardFile = Main;
				INFOPLIST_KEY_UISupportedInterfaceOrientations_iPad = "UIInterfaceOrientationPortrait UIInterfaceOrientationPortraitUpsideDown UIInterfaceOrientationLandscapeLeft UIInterfaceOrientationLandscapeRight";
				INFOPLIST_KEY_UISupportedInterfaceOrientations_iPhone = "UIInterfaceOrientationPortrait UIInterfaceOrientationLandscapeLeft UIInterfaceOrientationLandscapeRight";
				LD_RUNPATH_SEARCH_PATHS = (
					"$(inherited)",
					"@executable_path/Frameworks",
				);
				MARKETING_VERSION = 1.0;
				PRODUCT_BUNDLE_IDENTIFIER = com.example.COLORMix4;
				PRODUCT_NAME = "$(TARGET_NAME)";
				SWIFT_EMIT_LOC_STRINGS = YES;
				SWIFT_VERSION = 5.0;
				TARGETED_DEVICE_FAMILY = "1,2";
			};
			name = Release;
		};
		72F101A829A5050F0049F61E /* Debug */ = {
			isa = XCBuildConfiguration;
			buildSettings = {
				ALWAYS_EMBED_SWIFT_STANDARD_LIBRARIES = YES;
				BUNDLE_LOADER = "$(TEST_HOST)";
				CODE_SIGN_STYLE = Automatic;
				CURRENT_PROJECT_VERSION = 1;
				DEVELOPMENT_TEAM = R83F6KG238;
				GENERATE_INFOPLIST_FILE = YES;
				IPHONEOS_DEPLOYMENT_TARGET = 16.2;
				MARKETING_VERSION = 1.0;
				PRODUCT_BUNDLE_IDENTIFIER = com.example.COLORMix4Tests;
				PRODUCT_NAME = "$(TARGET_NAME)";
				SWIFT_EMIT_LOC_STRINGS = NO;
				SWIFT_VERSION = 5.0;
				TARGETED_DEVICE_FAMILY = "1,2";
				TEST_HOST = "$(BUILT_PRODUCTS_DIR)/COLORMix4.app/$(BUNDLE_EXECUTABLE_FOLDER_PATH)/COLORMix4";
			};
			name = Debug;
		};
		72F101A929A5050F0049F61E /* Release */ = {
			isa = XCBuildConfiguration;
			buildSettings = {
				ALWAYS_EMBED_SWIFT_STANDARD_LIBRARIES = YES;
				BUNDLE_LOADER = "$(TEST_HOST)";
				CODE_SIGN_STYLE = Automatic;
				CURRENT_PROJECT_VERSION = 1;
				DEVELOPMENT_TEAM = R83F6KG238;
				GENERATE_INFOPLIST_FILE = YES;
				IPHONEOS_DEPLOYMENT_TARGET = 16.2;
				MARKETING_VERSION = 1.0;
				PRODUCT_BUNDLE_IDENTIFIER = com.example.COLORMix4Tests;
				PRODUCT_NAME = "$(TARGET_NAME)";
				SWIFT_EMIT_LOC_STRINGS = NO;
				SWIFT_VERSION = 5.0;
				TARGETED_DEVICE_FAMILY = "1,2";
				TEST_HOST = "$(BUILT_PRODUCTS_DIR)/COLORMix4.app/$(BUNDLE_EXECUTABLE_FOLDER_PATH)/COLORMix4";
			};
			name = Release;
		};
		72F101AB29A5050F0049F61E /* Debug */ = {
			isa = XCBuildConfiguration;
			buildSettings = {
				ALWAYS_EMBED_SWIFT_STANDARD_LIBRARIES = YES;
				CODE_SIGN_STYLE = Automatic;
				CURRENT_PROJECT_VERSION = 1;
				DEVELOPMENT_TEAM = R83F6KG238;
				GENERATE_INFOPLIST_FILE = YES;
				MARKETING_VERSION = 1.0;
				PRODUCT_BUNDLE_IDENTIFIER = com.example.COLORMix4UITests;
				PRODUCT_NAME = "$(TARGET_NAME)";
				SWIFT_EMIT_LOC_STRINGS = NO;
				SWIFT_VERSION = 5.0;
				TARGETED_DEVICE_FAMILY = "1,2";
				TEST_TARGET_NAME = COLORMix4;
			};
			name = Debug;
		};
		72F101AC29A5050F0049F61E /* Release */ = {
			isa = XCBuildConfiguration;
			buildSettings = {
				ALWAYS_EMBED_SWIFT_STANDARD_LIBRARIES = YES;
				CODE_SIGN_STYLE = Automatic;
				CURRENT_PROJECT_VERSION = 1;
				DEVELOPMENT_TEAM = R83F6KG238;
				GENERATE_INFOPLIST_FILE = YES;
				MARKETING_VERSION = 1.0;
				PRODUCT_BUNDLE_IDENTIFIER = com.example.COLORMix4UITests;
				PRODUCT_NAME = "$(TARGET_NAME)";
				SWIFT_EMIT_LOC_STRINGS = NO;
				SWIFT_VERSION = 5.0;
				TARGETED_DEVICE_FAMILY = "1,2";
				TEST_TARGET_NAME = COLORMix4;
			};
			name = Release;
		};
/* End XCBuildConfiguration section */

/* Begin XCConfigurationList section */
		72F1017529A5050E0049F61E /* Build configuration list for PBXProject "COLORMix4" */ = {
			isa = XCConfigurationList;
			buildConfigurations = (
				72F101A229A5050F0049F61E /* Debug */,
				72F101A329A5050F0049F61E /* Release */,
			);
			defaultConfigurationIsVisible = 0;
			defaultConfigurationName = Release;
		};
		72F101A429A5050F0049F61E /* Build configuration list for PBXNativeTarget "COLORMix4" */ = {
			isa = XCConfigurationList;
			buildConfigurations = (
				72F101A529A5050F0049F61E /* Debug */,
				72F101A629A5050F0049F61E /* Release */,
			);
			defaultConfigurationIsVisible = 0;
			defaultConfigurationName = Release;
		};
		72F101A729A5050F0049F61E /* Build configuration list for PBXNativeTarget "COLORMix4Tests" */ = {
			isa = XCConfigurationList;
			buildConfigurations = (
				72F101A829A5050F0049F61E /* Debug */,
				72F101A929A5050F0049F61E /* Release */,
			);
			defaultConfigurationIsVisible = 0;
			defaultConfigurationName = Release;
		};
		72F101AA29A5050F0049F61E /* Build configuration list for PBXNativeTarget "COLORMix4UITests" */ = {
			isa = XCConfigurationList;
			buildConfigurations = (
				72F101AB29A5050F0049F61E /* Debug */,
				72F101AC29A5050F0049F61E /* Release */,
			);
			defaultConfigurationIsVisible = 0;
			defaultConfigurationName = Release;
		};
/* End XCConfigurationList section */
	};
	rootObject = 72F1017229A5050E0049F61E /* Project object */;
}
